// !$*UTF8*$!
{
	archiveVersion = 1;
	classes = {
	};
	objectVersion = 46;
	objects = {

/* Begin PBXBuildFile section */
		C3C9D2E31BDC619200B3B13E /* AppDelegate.swift in Sources */ = {isa = PBXBuildFile; fileRef = C3C9D2E21BDC619200B3B13E /* AppDelegate.swift */; };
		C3C9D2E51BDC619200B3B13E /* ViewController.swift in Sources */ = {isa = PBXBuildFile; fileRef = C3C9D2E41BDC619200B3B13E /* ViewController.swift */; };
		C3C9D2E81BDC619200B3B13E /* Main.storyboard in Resources */ = {isa = PBXBuildFile; fileRef = C3C9D2E61BDC619200B3B13E /* Main.storyboard */; };
		C3C9D2EA1BDC619200B3B13E /* Assets.xcassets in Resources */ = {isa = PBXBuildFile; fileRef = C3C9D2E91BDC619200B3B13E /* Assets.xcassets */; };
		C3C9D2ED1BDC619200B3B13E /* LaunchScreen.storyboard in Resources */ = {isa = PBXBuildFile; fileRef = C3C9D2EB1BDC619200B3B13E /* LaunchScreen.storyboard */; };
		C3C9D2F81BDC619300B3B13E /* Random_UserTests.swift in Sources */ = {isa = PBXBuildFile; fileRef = C3C9D2F71BDC619300B3B13E /* Random_UserTests.swift */; };
		C3C9D3031BDC619300B3B13E /* Random_UserUITests.swift in Sources */ = {isa = PBXBuildFile; fileRef = C3C9D3021BDC619300B3B13E /* Random_UserUITests.swift */; };
		C3C9D3151BDC6AE400B3B13E /* RestApiManager.swift in Sources */ = {isa = PBXBuildFile; fileRef = C3C9D3141BDC6AE400B3B13E /* RestApiManager.swift */; };
		C3C9D3191BDC6C1E00B3B13E /* SwiftyJSON.swift in Sources */ = {isa = PBXBuildFile; fileRef = C3C9D3181BDC6C1E00B3B13E /* SwiftyJSON.swift */; };
/* End PBXBuildFile section */

/* Begin PBXContainerItemProxy section */
		C3C9D2F41BDC619300B3B13E /* PBXContainerItemProxy */ = {
			isa = PBXContainerItemProxy;
			containerPortal = C3C9D2D71BDC619200B3B13E /* Project object */;
			proxyType = 1;
			remoteGlobalIDString = C3C9D2DE1BDC619200B3B13E;
			remoteInfo = "Random User";
		};
		C3C9D2FF1BDC619300B3B13E /* PBXContainerItemProxy */ = {
			isa = PBXContainerItemProxy;
			containerPortal = C3C9D2D71BDC619200B3B13E /* Project object */;
			proxyType = 1;
			remoteGlobalIDString = C3C9D2DE1BDC619200B3B13E;
			remoteInfo = "Random User";
		};
/* End PBXContainerItemProxy section */

/* Begin PBXFileReference section */
		C3C9D2DF1BDC619200B3B13E /* Random User.app */ = {isa = PBXFileReference; explicitFileType = wrapper.application; includeInIndex = 0; path = "Random User.app"; sourceTree = BUILT_PRODUCTS_DIR; };
		C3C9D2E21BDC619200B3B13E /* AppDelegate.swift */ = {isa = PBXFileReference; lastKnownFileType = sourcecode.swift; path = AppDelegate.swift; sourceTree = "<group>"; };
		C3C9D2E41BDC619200B3B13E /* ViewController.swift */ = {isa = PBXFileReference; lastKnownFileType = sourcecode.swift; path = ViewController.swift; sourceTree = "<group>"; };
		C3C9D2E71BDC619200B3B13E /* Base */ = {isa = PBXFileReference; lastKnownFileType = file.storyboard; name = Base; path = Base.lproj/Main.storyboard; sourceTree = "<group>"; };
		C3C9D2E91BDC619200B3B13E /* Assets.xcassets */ = {isa = PBXFileReference; lastKnownFileType = folder.assetcatalog; path = Assets.xcassets; sourceTree = "<group>"; };
		C3C9D2EC1BDC619200B3B13E /* Base */ = {isa = PBXFileReference; lastKnownFileType = file.storyboard; name = Base; path = Base.lproj/LaunchScreen.storyboard; sourceTree = "<group>"; };
		C3C9D2EE1BDC619200B3B13E /* Info.plist */ = {isa = PBXFileReference; lastKnownFileType = text.plist.xml; path = Info.plist; sourceTree = "<group>"; };
		C3C9D2F31BDC619300B3B13E /* Random UserTests.xctest */ = {isa = PBXFileReference; explicitFileType = wrapper.cfbundle; includeInIndex = 0; path = "Random UserTests.xctest"; sourceTree = BUILT_PRODUCTS_DIR; };
		C3C9D2F71BDC619300B3B13E /* Random_UserTests.swift */ = {isa = PBXFileReference; lastKnownFileType = sourcecode.swift; path = Random_UserTests.swift; sourceTree = "<group>"; };
		C3C9D2F91BDC619300B3B13E /* Info.plist */ = {isa = PBXFileReference; lastKnownFileType = text.plist.xml; path = Info.plist; sourceTree = "<group>"; };
		C3C9D2FE1BDC619300B3B13E /* Random UserUITests.xctest */ = {isa = PBXFileReference; explicitFileType = wrapper.cfbundle; includeInIndex = 0; path = "Random UserUITests.xctest"; sourceTree = BUILT_PRODUCTS_DIR; };
		C3C9D3021BDC619300B3B13E /* Random_UserUITests.swift */ = {isa = PBXFileReference; lastKnownFileType = sourcecode.swift; path = Random_UserUITests.swift; sourceTree = "<group>"; };
		C3C9D3041BDC619300B3B13E /* Info.plist */ = {isa = PBXFileReference; lastKnownFileType = text.plist.xml; path = Info.plist; sourceTree = "<group>"; };
		C3C9D3141BDC6AE400B3B13E /* RestApiManager.swift */ = {isa = PBXFileReference; fileEncoding = 4; lastKnownFileType = sourcecode.swift; path = RestApiManager.swift; sourceTree = "<group>"; };
		C3C9D3181BDC6C1E00B3B13E /* SwiftyJSON.swift */ = {isa = PBXFileReference; fileEncoding = 4; lastKnownFileType = sourcecode.swift; name = SwiftyJSON.swift; path = ../../SwiftyJSON/Source/SwiftyJSON.swift; sourceTree = "<group>"; };
/* End PBXFileReference section */

/* Begin PBXFrameworksBuildPhase section */
		C3C9D2DC1BDC619200B3B13E /* Frameworks */ = {
			isa = PBXFrameworksBuildPhase;
			buildActionMask = 2147483647;
			files = (
			);
			runOnlyForDeploymentPostprocessing = 0;
		};
		C3C9D2F01BDC619300B3B13E /* Frameworks */ = {
			isa = PBXFrameworksBuildPhase;
			buildActionMask = 2147483647;
			files = (
			);
			runOnlyForDeploymentPostprocessing = 0;
		};
		C3C9D2FB1BDC619300B3B13E /* Frameworks */ = {
			isa = PBXFrameworksBuildPhase;
			buildActionMask = 2147483647;
			files = (
			);
			runOnlyForDeploymentPostprocessing = 0;
		};
/* End PBXFrameworksBuildPhase section */

/* Begin PBXGroup section */
		C3C9D2D61BDC619200B3B13E = {
			isa = PBXGroup;
			children = (
				C3C9D2E11BDC619200B3B13E /* Random User */,
				C3C9D2F61BDC619300B3B13E /* Random UserTests */,
				C3C9D3011BDC619300B3B13E /* Random UserUITests */,
				C3C9D2E01BDC619200B3B13E /* Products */,
			);
			sourceTree = "<group>";
		};
		C3C9D2E01BDC619200B3B13E /* Products */ = {
			isa = PBXGroup;
			children = (
				C3C9D2DF1BDC619200B3B13E /* Random User.app */,
				C3C9D2F31BDC619300B3B13E /* Random UserTests.xctest */,
				C3C9D2FE1BDC619300B3B13E /* Random UserUITests.xctest */,
			);
			name = Products;
			sourceTree = "<group>";
		};
		C3C9D2E11BDC619200B3B13E /* Random User */ = {
			isa = PBXGroup;
			children = (
				C3C9D2E21BDC619200B3B13E /* AppDelegate.swift */,
				C3C9D2E41BDC619200B3B13E /* ViewController.swift */,
				C3C9D2E61BDC619200B3B13E /* Main.storyboard */,
				C3C9D2E91BDC619200B3B13E /* Assets.xcassets */,
				C3C9D2EB1BDC619200B3B13E /* LaunchScreen.storyboard */,
				C3C9D2EE1BDC619200B3B13E /* Info.plist */,
				C3C9D3181BDC6C1E00B3B13E /* SwiftyJSON.swift */,
				C3C9D3141BDC6AE400B3B13E /* RestApiManager.swift */,
			);
			path = "Random User";
			sourceTree = "<group>";
		};
		C3C9D2F61BDC619300B3B13E /* Random UserTests */ = {
			isa = PBXGroup;
			children = (
				C3C9D2F71BDC619300B3B13E /* Random_UserTests.swift */,
				C3C9D2F91BDC619300B3B13E /* Info.plist */,
			);
			path = "Random UserTests";
			sourceTree = "<group>";
		};
		C3C9D3011BDC619300B3B13E /* Random UserUITests */ = {
			isa = PBXGroup;
			children = (
				C3C9D3021BDC619300B3B13E /* Random_UserUITests.swift */,
				C3C9D3041BDC619300B3B13E /* Info.plist */,
			);
			path = "Random UserUITests";
			sourceTree = "<group>";
		};
/* End PBXGroup section */

/* Begin PBXNativeTarget section */
		C3C9D2DE1BDC619200B3B13E /* Random User */ = {
			isa = PBXNativeTarget;
			buildConfigurationList = C3C9D3071BDC619300B3B13E /* Build configuration list for PBXNativeTarget "Random User" */;
			buildPhases = (
				C3C9D2DB1BDC619200B3B13E /* Sources */,
				C3C9D2DC1BDC619200B3B13E /* Frameworks */,
				C3C9D2DD1BDC619200B3B13E /* Resources */,
			);
			buildRules = (
			);
			dependencies = (
			);
			name = "Random User";
			productName = "Random User";
			productReference = C3C9D2DF1BDC619200B3B13E /* Random User.app */;
			productType = "com.apple.product-type.application";
		};
		C3C9D2F21BDC619300B3B13E /* Random UserTests */ = {
			isa = PBXNativeTarget;
			buildConfigurationList = C3C9D30A1BDC619300B3B13E /* Build configuration list for PBXNativeTarget "Random UserTests" */;
			buildPhases = (
				C3C9D2EF1BDC619300B3B13E /* Sources */,
				C3C9D2F01BDC619300B3B13E /* Frameworks */,
				C3C9D2F11BDC619300B3B13E /* Resources */,
			);
			buildRules = (
			);
			dependencies = (
				C3C9D2F51BDC619300B3B13E /* PBXTargetDependency */,
			);
			name = "Random UserTests";
			productName = "Random UserTests";
			productReference = C3C9D2F31BDC619300B3B13E /* Random UserTests.xctest */;
			productType = "com.apple.product-type.bundle.unit-test";
		};
		C3C9D2FD1BDC619300B3B13E /* Random UserUITests */ = {
			isa = PBXNativeTarget;
			buildConfigurationList = C3C9D30D1BDC619300B3B13E /* Build configuration list for PBXNativeTarget "Random UserUITests" */;
			buildPhases = (
				C3C9D2FA1BDC619300B3B13E /* Sources */,
				C3C9D2FB1BDC619300B3B13E /* Frameworks */,
				C3C9D2FC1BDC619300B3B13E /* Resources */,
			);
			buildRules = (
			);
			dependencies = (
				C3C9D3001BDC619300B3B13E /* PBXTargetDependency */,
			);
			name = "Random UserUITests";
			productName = "Random UserUITests";
			productReference = C3C9D2FE1BDC619300B3B13E /* Random UserUITests.xctest */;
			productType = "com.apple.product-type.bundle.ui-testing";
		};
/* End PBXNativeTarget section */

/* Begin PBXProject section */
		C3C9D2D71BDC619200B3B13E /* Project object */ = {
			isa = PBXProject;
			attributes = {
				LastSwiftUpdateCheck = 0710;
				LastUpgradeCheck = 0710;
				ORGANIZATIONNAME = "Joan Nadal";
				TargetAttributes = {
					C3C9D2DE1BDC619200B3B13E = {
						CreatedOnToolsVersion = 7.1;
						DevelopmentTeam = M463Z78E84;
					};
					C3C9D2F21BDC619300B3B13E = {
						CreatedOnToolsVersion = 7.1;
						DevelopmentTeam = M463Z78E84;
						TestTargetID = C3C9D2DE1BDC619200B3B13E;
					};
					C3C9D2FD1BDC619300B3B13E = {
						CreatedOnToolsVersion = 7.1;
						DevelopmentTeam = M463Z78E84;
						TestTargetID = C3C9D2DE1BDC619200B3B13E;
					};
				};
			};
			buildConfigurationList = C3C9D2DA1BDC619200B3B13E /* Build configuration list for PBXProject "Random User" */;
			compatibilityVersion = "Xcode 3.2";
			developmentRegion = English;
			hasScannedForEncodings = 0;
			knownRegions = (
				en,
				Base,
			);
			mainGroup = C3C9D2D61BDC619200B3B13E;
			productRefGroup = C3C9D2E01BDC619200B3B13E /* Products */;
			projectDirPath = "";
			projectRoot = "";
			targets = (
				C3C9D2DE1BDC619200B3B13E /* Random User */,
				C3C9D2F21BDC619300B3B13E /* Random UserTests */,
				C3C9D2FD1BDC619300B3B13E /* Random UserUITests */,
			);
		};
/* End PBXProject section */

/* Begin PBXResourcesBuildPhase section */
		C3C9D2DD1BDC619200B3B13E /* Resources */ = {
			isa = PBXResourcesBuildPhase;
			buildActionMask = 2147483647;
			files = (
				C3C9D2ED1BDC619200B3B13E /* LaunchScreen.storyboard in Resources */,
				C3C9D2EA1BDC619200B3B13E /* Assets.xcassets in Resources */,
				C3C9D2E81BDC619200B3B13E /* Main.storyboard in Resources */,
			);
			runOnlyForDeploymentPostprocessing = 0;
		};
		C3C9D2F11BDC619300B3B13E /* Resources */ = {
			isa = PBXResourcesBuildPhase;
			buildActionMask = 2147483647;
			files = (
			);
			runOnlyForDeploymentPostprocessing = 0;
		};
		C3C9D2FC1BDC619300B3B13E /* Resources */ = {
			isa = PBXResourcesBuildPhase;
			buildActionMask = 2147483647;
			files = (
			);
			runOnlyForDeploymentPostprocessing = 0;
		};
/* End PBXResourcesBuildPhase section */

/* Begin PBXSourcesBuildPhase section */
		C3C9D2DB1BDC619200B3B13E /* Sources */ = {
			isa = PBXSourcesBuildPhase;
			buildActionMask = 2147483647;
			files = (
				C3C9D2E51BDC619200B3B13E /* ViewController.swift in Sources */,
				C3C9D2E31BDC619200B3B13E /* AppDelegate.swift in Sources */,
				C3C9D3151BDC6AE400B3B13E /* RestApiManager.swift in Sources */,
				C3C9D3191BDC6C1E00B3B13E /* SwiftyJSON.swift in Sources */,
			);
			runOnlyForDeploymentPostprocessing = 0;
		};
		C3C9D2EF1BDC619300B3B13E /* Sources */ = {
			isa = PBXSourcesBuildPhase;
			buildActionMask = 2147483647;
			files = (
				C3C9D2F81BDC619300B3B13E /* Random_UserTests.swift in Sources */,
			);
			runOnlyForDeploymentPostprocessing = 0;
		};
		C3C9D2FA1BDC619300B3B13E /* Sources */ = {
			isa = PBXSourcesBuildPhase;
			buildActionMask = 2147483647;
			files = (
				C3C9D3031BDC619300B3B13E /* Random_UserUITests.swift in Sources */,
			);
			runOnlyForDeploymentPostprocessing = 0;
		};
/* End PBXSourcesBuildPhase section */

/* Begin PBXTargetDependency section */
		C3C9D2F51BDC619300B3B13E /* PBXTargetDependency */ = {
			isa = PBXTargetDependency;
			target = C3C9D2DE1BDC619200B3B13E /* Random User */;
			targetProxy = C3C9D2F41BDC619300B3B13E /* PBXContainerItemProxy */;
		};
		C3C9D3001BDC619300B3B13E /* PBXTargetDependency */ = {
			isa = PBXTargetDependency;
			target = C3C9D2DE1BDC619200B3B13E /* Random User */;
			targetProxy = C3C9D2FF1BDC619300B3B13E /* PBXContainerItemProxy */;
		};
/* End PBXTargetDependency section */

/* Begin PBXVariantGroup section */
		C3C9D2E61BDC619200B3B13E /* Main.storyboard */ = {
			isa = PBXVariantGroup;
			children = (
				C3C9D2E71BDC619200B3B13E /* Base */,
			);
			name = Main.storyboard;
			sourceTree = "<group>";
		};
		C3C9D2EB1BDC619200B3B13E /* LaunchScreen.storyboard */ = {
			isa = PBXVariantGroup;
			children = (
				C3C9D2EC1BDC619200B3B13E /* Base */,
			);
			name = LaunchScreen.storyboard;
			sourceTree = "<group>";
		};
/* End PBXVariantGroup section */

/* Begin XCBuildConfiguration section */
		C3C9D3051BDC619300B3B13E /* Debug */ = {
			isa = XCBuildConfiguration;
			buildSettings = {
				ALWAYS_SEARCH_USER_PATHS = NO;
				CLANG_CXX_LANGUAGE_STANDARD = "gnu++0x";
				CLANG_CXX_LIBRARY = "libc++";
				CLANG_ENABLE_MODULES = YES;
				CLANG_ENABLE_OBJC_ARC = YES;
				CLANG_WARN_BOOL_CONVERSION = YES;
				CLANG_WARN_CONSTANT_CONVERSION = YES;
				CLANG_WARN_DIRECT_OBJC_ISA_USAGE = YES_ERROR;
				CLANG_WARN_EMPTY_BODY = YES;
				CLANG_WARN_ENUM_CONVERSION = YES;
				CLANG_WARN_INT_CONVERSION = YES;
				CLANG_WARN_OBJC_ROOT_CLASS = YES_ERROR;
				CLANG_WARN_UNREACHABLE_CODE = YES;
				CLANG_WARN__DUPLICATE_METHOD_MATCH = YES;
				"CODE_SIGN_IDENTITY[sdk=iphoneos*]" = "iPhone Developer";
				COPY_PHASE_STRIP = NO;
				DEBUG_INFORMATION_FORMAT = dwarf;
				ENABLE_STRICT_OBJC_MSGSEND = YES;
				ENABLE_TESTABILITY = YES;
				GCC_C_LANGUAGE_STANDARD = gnu99;
				GCC_DYNAMIC_NO_PIC = NO;
				GCC_NO_COMMON_BLOCKS = YES;
				GCC_OPTIMIZATION_LEVEL = 0;
				GCC_PREPROCESSOR_DEFINITIONS = (
					"DEBUG=1",
					"$(inherited)",
				);
				GCC_WARN_64_TO_32_BIT_CONVERSION = YES;
				GCC_WARN_ABOUT_RETURN_TYPE = YES_ERROR;
				GCC_WARN_UNDECLARED_SELECTOR = YES;
				GCC_WARN_UNINITIALIZED_AUTOS = YES_AGGRESSIVE;
				GCC_WARN_UNUSED_FUNCTION = YES;
				GCC_WARN_UNUSED_VARIABLE = YES;
				IPHONEOS_DEPLOYMENT_TARGET = 9.1;
				MTL_ENABLE_DEBUG_INFO = YES;
				ONLY_ACTIVE_ARCH = YES;
				SDKROOT = iphoneos;
				SWIFT_OPTIMIZATION_LEVEL = "-Onone";
			};
			name = Debug;
		};
		C3C9D3061BDC619300B3B13E /* Release */ = {
			isa = XCBuildConfiguration;
			buildSettings = {
				ALWAYS_SEARCH_USER_PATHS = NO;
				CLANG_CXX_LANGUAGE_STANDARD = "gnu++0x";
				CLANG_CXX_LIBRARY = "libc++";
				CLANG_ENABLE_MODULES = YES;
				CLANG_ENABLE_OBJC_ARC = YES;
				CLANG_WARN_BOOL_CONVERSION = YES;
				CLANG_WARN_CONSTANT_CONVERSION = YES;
				CLANG_WARN_DIRECT_OBJC_ISA_USAGE = YES_ERROR;
				CLANG_WARN_EMPTY_BODY = YES;
				CLANG_WARN_ENUM_CONVERSION = YES;
				CLANG_WARN_INT_CONVERSION = YES;
				CLANG_WARN_OBJC_ROOT_CLASS = YES_ERROR;
				CLANG_WARN_UNREACHABLE_CODE = YES;
				CLANG_WARN__DUPLICATE_METHOD_MATCH = YES;
				"CODE_SIGN_IDENTITY[sdk=iphoneos*]" = "iPhone Developer";
				COPY_PHASE_STRIP = NO;
				DEBUG_INFORMATION_FORMAT = "dwarf-with-dsym";
				ENABLE_NS_ASSERTIONS = NO;
				ENABLE_STRICT_OBJC_MSGSEND = YES;
				GCC_C_LANGUAGE_STANDARD = gnu99;
				GCC_NO_COMMON_BLOCKS = YES;
				GCC_WARN_64_TO_32_BIT_CONVERSION = YES;
				GCC_WARN_ABOUT_RETURN_TYPE = YES_ERROR;
				GCC_WARN_UNDECLARED_SELECTOR = YES;
				GCC_WARN_UNINITIALIZED_AUTOS = YES_AGGRESSIVE;
				GCC_WARN_UNUSED_FUNCTION = YES;
				GCC_WARN_UNUSED_VARIABLE = YES;
				IPHONEOS_DEPLOYMENT_TARGET = 9.1;
				MTL_ENABLE_DEBUG_INFO = NO;
				SDKROOT = iphoneos;
				VALIDATE_PRODUCT = YES;
			};
			name = Release;
		};
		C3C9D3081BDC619300B3B13E /* Debug */ = {
			isa = XCBuildConfiguration;
			buildSettings = {
				ASSETCATALOG_COMPILER_APPICON_NAME = AppIcon;
				INFOPLIST_FILE = "Random User/Info.plist";
				LD_RUNPATH_SEARCH_PATHS = "$(inherited) @executable_path/Frameworks";
				PRODUCT_BUNDLE_IDENTIFIER = "JoanNadal.Random-User";
				PRODUCT_NAME = "$(TARGET_NAME)";
			};
			name = Debug;
		};
		C3C9D3091BDC619300B3B13E /* Release */ = {
			isa = XCBuildConfiguration;
			buildSettings = {
				ASSETCATALOG_COMPILER_APPICON_NAME = AppIcon;
				INFOPLIST_FILE = "Random User/Info.plist";
				LD_RUNPATH_SEARCH_PATHS = "$(inherited) @executable_path/Frameworks";
				PRODUCT_BUNDLE_IDENTIFIER = "JoanNadal.Random-User";
				PRODUCT_NAME = "$(TARGET_NAME)";
			};
			name = Release;
		};
		C3C9D30B1BDC619300B3B13E /* Debug */ = {
			isa = XCBuildConfiguration;
			buildSettings = {
				BUNDLE_LOADER = "$(TEST_HOST)";
				INFOPLIST_FILE = "Random UserTests/Info.plist";
				LD_RUNPATH_SEARCH_PATHS = "$(inherited) @executable_path/Frameworks @loader_path/Frameworks";
				PRODUCT_BUNDLE_IDENTIFIER = "JoanNadal.Random-UserTests";
				PRODUCT_NAME = "$(TARGET_NAME)";
				TEST_HOST = "$(BUILT_PRODUCTS_DIR)/Random User.app/Random User";
			};
			name = Debug;
		};
		C3C9D30C1BDC619300B3B13E /* Release */ = {
			isa = XCBuildConfiguration;
			buildSettings = {
				BUNDLE_LOADER = "$(TEST_HOST)";
				INFOPLIST_FILE = "Random UserTests/Info.plist";
				LD_RUNPATH_SEARCH_PATHS = "$(inherited) @executable_path/Frameworks @loader_path/Frameworks";
				PRODUCT_BUNDLE_IDENTIFIER = "JoanNadal.Random-UserTests";
				PRODUCT_NAME = "$(TARGET_NAME)";
				TEST_HOST = "$(BUILT_PRODUCTS_DIR)/Random User.app/Random User";
			};
			name = Release;
		};
		C3C9D30E1BDC619300B3B13E /* Debug */ = {
			isa = XCBuildConfiguration;
			buildSettings = {
				INFOPLIST_FILE = "Random UserUITests/Info.plist";
				LD_RUNPATH_SEARCH_PATHS = "$(inherited) @executable_path/Frameworks @loader_path/Frameworks";
				PRODUCT_BUNDLE_IDENTIFIER = "JoanNadal.Random-UserUITests";
				PRODUCT_NAME = "$(TARGET_NAME)";
				TEST_TARGET_NAME = "Random User";
				USES_XCTRUNNER = YES;
			};
			name = Debug;
		};
		C3C9D30F1BDC619300B3B13E /* Release */ = {
			isa = XCBuildConfiguration;
			buildSettings = {
				INFOPLIST_FILE = "Random UserUITests/Info.plist";
				LD_RUNPATH_SEARCH_PATHS = "$(inherited) @executable_path/Frameworks @loader_path/Frameworks";
				PRODUCT_BUNDLE_IDENTIFIER = "JoanNadal.Random-UserUITests";
				PRODUCT_NAME = "$(TARGET_NAME)";
				TEST_TARGET_NAME = "Random User";
				USES_XCTRUNNER = YES;
			};
			name = Release;
		};
/* End XCBuildConfiguration section */

/* Begin XCConfigurationList section */
		C3C9D2DA1BDC619200B3B13E /* Build configuration list for PBXProject "Random User" */ = {
			isa = XCConfigurationList;
			buildConfigurations = (
				C3C9D3051BDC619300B3B13E /* Debug */,
				C3C9D3061BDC619300B3B13E /* Release */,
			);
			defaultConfigurationIsVisible = 0;
			defaultConfigurationName = Release;
		};
		C3C9D3071BDC619300B3B13E /* Build configuration list for PBXNativeTarget "Random User" */ = {
			isa = XCConfigurationList;
			buildConfigurations = (
				C3C9D3081BDC619300B3B13E /* Debug */,
				C3C9D3091BDC619300B3B13E /* Release */,
			);
			defaultConfigurationIsVisible = 0;
		};
		C3C9D30A1BDC619300B3B13E /* Build configuration list for PBXNativeTarget "Random UserTests" */ = {
			isa = XCConfigurationList;
			buildConfigurations = (
				C3C9D30B1BDC619300B3B13E /* Debug */,
				C3C9D30C1BDC619300B3B13E /* Release */,
			);
			defaultConfigurationIsVisible = 0;
		};
		C3C9D30D1BDC619300B3B13E /* Build configuration list for PBXNativeTarget "Random UserUITests" */ = {
			isa = XCConfigurationList;
			buildConfigurations = (
				C3C9D30E1BDC619300B3B13E /* Debug */,
				C3C9D30F1BDC619300B3B13E /* Release */,
			);
			defaultConfigurationIsVisible = 0;
		};
/* End XCConfigurationList section */
	};
	rootObject = C3C9D2D71BDC619200B3B13E /* Project object */;
}
